// !$*UTF8*$!
{
	archiveVersion = 1;
	classes = {
	};
	objectVersion = 50;
	objects = {

/* Begin PBXBuildFile section */
		6721C6D426390DB500605715 /* AppDelegate.m in Sources */ = {isa = PBXBuildFile; fileRef = 6721C6D326390DB500605715 /* AppDelegate.m */; };
		6721C6D726390DB500605715 /* SceneDelegate.m in Sources */ = {isa = PBXBuildFile; fileRef = 6721C6D626390DB500605715 /* SceneDelegate.m */; };
		6721C6DA26390DB500605715 /* ViewController.m in Sources */ = {isa = PBXBuildFile; fileRef = 6721C6D926390DB500605715 /* ViewController.m */; };
		6721C6DD26390DB500605715 /* Main.storyboard in Resources */ = {isa = PBXBuildFile; fileRef = 6721C6DB26390DB500605715 /* Main.storyboard */; };
		6721C6DF26390DB600605715 /* Assets.xcassets in Resources */ = {isa = PBXBuildFile; fileRef = 6721C6DE26390DB600605715 /* Assets.xcassets */; };
		6721C6E226390DB600605715 /* LaunchScreen.storyboard in Resources */ = {isa = PBXBuildFile; fileRef = 6721C6E026390DB600605715 /* LaunchScreen.storyboard */; };
		6721C6E526390DB600605715 /* main.m in Sources */ = {isa = PBXBuildFile; fileRef = 6721C6E426390DB600605715 /* main.m */; };
		6721C6EF26390E7900605715 /* UIView+Quadrilateral.m in Sources */ = {isa = PBXBuildFile; fileRef = 6721C6EE26390E7900605715 /* UIView+Quadrilateral.m */; };
		6721C6F426390F6C00605715 /* SplitSkewView.m in Sources */ = {isa = PBXBuildFile; fileRef = 6721C6F326390F6C00605715 /* SplitSkewView.m */; };
		6721C6F826392A0600605715 /* ImageWriter.swift in Sources */ = {isa = PBXBuildFile; fileRef = 6721C6F726392A0600605715 /* ImageWriter.swift */; };
/* End PBXBuildFile section */

/* Begin PBXFileReference section */
		6721C6CF26390DB500605715 /* SplitSkewDemo.app */ = {isa = PBXFileReference; explicitFileType = wrapper.application; includeInIndex = 0; path = SplitSkewDemo.app; sourceTree = BUILT_PRODUCTS_DIR; };
		6721C6D226390DB500605715 /* AppDelegate.h */ = {isa = PBXFileReference; lastKnownFileType = sourcecode.c.h; path = AppDelegate.h; sourceTree = "<group>"; };
		6721C6D326390DB500605715 /* AppDelegate.m */ = {isa = PBXFileReference; lastKnownFileType = sourcecode.c.objc; path = AppDelegate.m; sourceTree = "<group>"; };
		6721C6D526390DB500605715 /* SceneDelegate.h */ = {isa = PBXFileReference; lastKnownFileType = sourcecode.c.h; path = SceneDelegate.h; sourceTree = "<group>"; };
		6721C6D626390DB500605715 /* SceneDelegate.m */ = {isa = PBXFileReference; lastKnownFileType = sourcecode.c.objc; path = SceneDelegate.m; sourceTree = "<group>"; };
		6721C6D826390DB500605715 /* ViewController.h */ = {isa = PBXFileReference; lastKnownFileType = sourcecode.c.h; path = ViewController.h; sourceTree = "<group>"; };
		6721C6D926390DB500605715 /* ViewController.m */ = {isa = PBXFileReference; lastKnownFileType = sourcecode.c.objc; path = ViewController.m; sourceTree = "<group>"; };
		6721C6DC26390DB500605715 /* Base */ = {isa = PBXFileReference; lastKnownFileType = file.storyboard; name = Base; path = Base.lproj/Main.storyboard; sourceTree = "<group>"; };
		6721C6DE26390DB600605715 /* Assets.xcassets */ = {isa = PBXFileReference; lastKnownFileType = folder.assetcatalog; path = Assets.xcassets; sourceTree = "<group>"; };
		6721C6E126390DB600605715 /* Base */ = {isa = PBXFileReference; lastKnownFileType = file.storyboard; name = Base; path = Base.lproj/LaunchScreen.storyboard; sourceTree = "<group>"; };
		6721C6E326390DB600605715 /* Info.plist */ = {isa = PBXFileReference; lastKnownFileType = text.plist.xml; path = Info.plist; sourceTree = "<group>"; };
		6721C6E426390DB600605715 /* main.m */ = {isa = PBXFileReference; lastKnownFileType = sourcecode.c.objc; path = main.m; sourceTree = "<group>"; };
		6721C6ED26390E7900605715 /* UIView+Quadrilateral.h */ = {isa = PBXFileReference; lastKnownFileType = sourcecode.c.h; path = "UIView+Quadrilateral.h"; sourceTree = "<group>"; };
		6721C6EE26390E7900605715 /* UIView+Quadrilateral.m */ = {isa = PBXFileReference; lastKnownFileType = sourcecode.c.objc; path = "UIView+Quadrilateral.m"; sourceTree = "<group>"; };
		6721C6F226390F6C00605715 /* SplitSkewView.h */ = {isa = PBXFileReference; lastKnownFileType = sourcecode.c.h; path = SplitSkewView.h; sourceTree = "<group>"; };
		6721C6F326390F6C00605715 /* SplitSkewView.m */ = {isa = PBXFileReference; lastKnownFileType = sourcecode.c.objc; path = SplitSkewView.m; sourceTree = "<group>"; };
		6721C6F626392A0600605715 /* SplitSkewDemo-Bridging-Header.h */ = {isa = PBXFileReference; lastKnownFileType = sourcecode.c.h; path = "SplitSkewDemo-Bridging-Header.h"; sourceTree = "<group>"; };
		6721C6F726392A0600605715 /* ImageWriter.swift */ = {isa = PBXFileReference; fileEncoding = 4; lastKnownFileType = sourcecode.swift; path = ImageWriter.swift; sourceTree = "<group>"; };
/* End PBXFileReference section */

/* Begin PBXFrameworksBuildPhase section */
		6721C6CC26390DB500605715 /* Frameworks */ = {
			isa = PBXFrameworksBuildPhase;
			buildActionMask = 2147483647;
			files = (
			);
			runOnlyForDeploymentPostprocessing = 0;
		};
/* End PBXFrameworksBuildPhase section */

/* Begin PBXGroup section */
		6721C6C626390DB500605715 = {
			isa = PBXGroup;
			children = (
				6721C6D126390DB500605715 /* SplitSkewDemo */,
				6721C6D026390DB500605715 /* Products */,
			);
			sourceTree = "<group>";
		};
		6721C6D026390DB500605715 /* Products */ = {
			isa = PBXGroup;
			children = (
				6721C6CF26390DB500605715 /* SplitSkewDemo.app */,
			);
			name = Products;
			sourceTree = "<group>";
		};
		6721C6D126390DB500605715 /* SplitSkewDemo */ = {
			isa = PBXGroup;
			children = (
				6721C6EC26390E2900605715 /* SplitSkewView */,
				6721C6D226390DB500605715 /* AppDelegate.h */,
				6721C6D326390DB500605715 /* AppDelegate.m */,
				6721C6D526390DB500605715 /* SceneDelegate.h */,
				6721C6D626390DB500605715 /* SceneDelegate.m */,
				6721C6D826390DB500605715 /* ViewController.h */,
				6721C6D926390DB500605715 /* ViewController.m */,
				6721C6DB26390DB500605715 /* Main.storyboard */,
				6721C6DE26390DB600605715 /* Assets.xcassets */,
				6721C6E026390DB600605715 /* LaunchScreen.storyboard */,
				6721C6E326390DB600605715 /* Info.plist */,
				6721C6E426390DB600605715 /* main.m */,
			);
			path = SplitSkewDemo;
			sourceTree = "<group>";
		};
		6721C6EC26390E2900605715 /* SplitSkewView */ = {
			isa = PBXGroup;
			children = (
				6721C6F726392A0600605715 /* ImageWriter.swift */,
				6721C6ED26390E7900605715 /* UIView+Quadrilateral.h */,
				6721C6EE26390E7900605715 /* UIView+Quadrilateral.m */,
				6721C6F226390F6C00605715 /* SplitSkewView.h */,
				6721C6F326390F6C00605715 /* SplitSkewView.m */,
				6721C6F626392A0600605715 /* SplitSkewDemo-Bridging-Header.h */,
			);
			name = SplitSkewView;
			path = ../../SplitSkewView;
			sourceTree = "<group>";
		};
/* End PBXGroup section */

/* Begin PBXNativeTarget section */
		6721C6CE26390DB500605715 /* SplitSkewDemo */ = {
			isa = PBXNativeTarget;
			buildConfigurationList = 6721C6E826390DB600605715 /* Build configuration list for PBXNativeTarget "SplitSkewDemo" */;
			buildPhases = (
				6721C6CB26390DB500605715 /* Sources */,
				6721C6CC26390DB500605715 /* Frameworks */,
				6721C6CD26390DB500605715 /* Resources */,
			);
			buildRules = (
			);
			dependencies = (
			);
			name = SplitSkewDemo;
			productName = SplitSkewDemo;
			productReference = 6721C6CF26390DB500605715 /* SplitSkewDemo.app */;
			productType = "com.apple.product-type.application";
		};
/* End PBXNativeTarget section */

/* Begin PBXProject section */
		6721C6C726390DB500605715 /* Project object */ = {
			isa = PBXProject;
			attributes = {
				LastUpgradeCheck = 1240;
				TargetAttributes = {
					6721C6CE26390DB500605715 = {
						CreatedOnToolsVersion = 12.4;
						LastSwiftMigration = 1240;
					};
				};
			};
			buildConfigurationList = 6721C6CA26390DB500605715 /* Build configuration list for PBXProject "SplitSkewDemo" */;
			compatibilityVersion = "Xcode 9.3";
			developmentRegion = en;
			hasScannedForEncodings = 0;
			knownRegions = (
				en,
				Base,
			);
			mainGroup = 6721C6C626390DB500605715;
			productRefGroup = 6721C6D026390DB500605715 /* Products */;
			projectDirPath = "";
			projectRoot = "";
			targets = (
				6721C6CE26390DB500605715 /* SplitSkewDemo */,
			);
		};
/* End PBXProject section */

/* Begin PBXResourcesBuildPhase section */
		6721C6CD26390DB500605715 /* Resources */ = {
			isa = PBXResourcesBuildPhase;
			buildActionMask = 2147483647;
			files = (
				6721C6E226390DB600605715 /* LaunchScreen.storyboard in Resources */,
				6721C6DF26390DB600605715 /* Assets.xcassets in Resources */,
				6721C6DD26390DB500605715 /* Main.storyboard in Resources */,
			);
			runOnlyForDeploymentPostprocessing = 0;
		};
/* End PBXResourcesBuildPhase section */

/* Begin PBXSourcesBuildPhase section */
		6721C6CB26390DB500605715 /* Sources */ = {
			isa = PBXSourcesBuildPhase;
			buildActionMask = 2147483647;
			files = (
				6721C6DA26390DB500605715 /* ViewController.m in Sources */,
				6721C6F426390F6C00605715 /* SplitSkewView.m in Sources */,
				6721C6D426390DB500605715 /* AppDelegate.m in Sources */,
				6721C6F826392A0600605715 /* ImageWriter.swift in Sources */,
				6721C6EF26390E7900605715 /* UIView+Quadrilateral.m in Sources */,
				6721C6E526390DB600605715 /* main.m in Sources */,
				6721C6D726390DB500605715 /* SceneDelegate.m in Sources */,
			);
			runOnlyForDeploymentPostprocessing = 0;
		};
/* End PBXSourcesBuildPhase section */

/* Begin PBXVariantGroup section */
		6721C6DB26390DB500605715 /* Main.storyboard */ = {
			isa = PBXVariantGroup;
			children = (
				6721C6DC26390DB500605715 /* Base */,
			);
			name = Main.storyboard;
			sourceTree = "<group>";
		};
		6721C6E026390DB600605715 /* LaunchScreen.storyboard */ = {
			isa = PBXVariantGroup;
			children = (
				6721C6E126390DB600605715 /* Base */,
			);
			name = LaunchScreen.storyboard;
			sourceTree = "<group>";
		};
/* End PBXVariantGroup section */

/* Begin XCBuildConfiguration section */
		6721C6E626390DB600605715 /* Debug */ = {
			isa = XCBuildConfiguration;
			buildSettings = {
				ALWAYS_SEARCH_USER_PATHS = NO;
				CLANG_ANALYZER_NONNULL = YES;
				CLANG_ANALYZER_NUMBER_OBJECT_CONVERSION = YES_AGGRESSIVE;
				CLANG_CXX_LANGUAGE_STANDARD = "gnu++14";
				CLANG_CXX_LIBRARY = "libc++";
				CLANG_ENABLE_MODULES = YES;
				CLANG_ENABLE_OBJC_ARC = YES;
				CLANG_ENABLE_OBJC_WEAK = YES;
				CLANG_WARN_BLOCK_CAPTURE_AUTORELEASING = YES;
				CLANG_WARN_BOOL_CONVERSION = YES;
				CLANG_WARN_COMMA = YES;
				CLANG_WARN_CONSTANT_CONVERSION = YES;
				CLANG_WARN_DEPRECATED_OBJC_IMPLEMENTATIONS = YES;
				CLANG_WARN_DIRECT_OBJC_ISA_USAGE = YES_ERROR;
				CLANG_WARN_DOCUMENTATION_COMMENTS = YES;
				CLANG_WARN_EMPTY_BODY = YES;
				CLANG_WARN_ENUM_CONVERSION = YES;
				CLANG_WARN_INFINITE_RECURSION = YES;
				CLANG_WARN_INT_CONVERSION = YES;
				CLANG_WARN_NON_LITERAL_NULL_CONVERSION = YES;
				CLANG_WARN_OBJC_IMPLICIT_RETAIN_SELF = YES;
				CLANG_WARN_OBJC_LITERAL_CONVERSION = YES;
				CLANG_WARN_OBJC_ROOT_CLASS = YES_ERROR;
				CLANG_WARN_QUOTED_INCLUDE_IN_FRAMEWORK_HEADER = YES;
				CLANG_WARN_RANGE_LOOP_ANALYSIS = YES;
				CLANG_WARN_STRICT_PROTOTYPES = YES;
				CLANG_WARN_SUSPICIOUS_MOVE = YES;
				CLANG_WARN_UNGUARDED_AVAILABILITY = YES_AGGRESSIVE;
				CLANG_WARN_UNREACHABLE_CODE = YES;
				CLANG_WARN__DUPLICATE_METHOD_MATCH = YES;
				COPY_PHASE_STRIP = NO;
				DEBUG_INFORMATION_FORMAT = dwarf;
				ENABLE_STRICT_OBJC_MSGSEND = YES;
				ENABLE_TESTABILITY = YES;
				GCC_C_LANGUAGE_STANDARD = gnu11;
				GCC_DYNAMIC_NO_PIC = NO;
				GCC_NO_COMMON_BLOCKS = YES;
				GCC_OPTIMIZATION_LEVEL = 0;
				GCC_PREPROCESSOR_DEFINITIONS = (
					"DEBUG=1",
					"$(inherited)",
				);
				GCC_WARN_64_TO_32_BIT_CONVERSION = YES;
				GCC_WARN_ABOUT_RETURN_TYPE = YES_ERROR;
				GCC_WARN_UNDECLARED_SELECTOR = YES;
				GCC_WARN_UNINITIALIZED_AUTOS = YES_AGGRESSIVE;
				GCC_WARN_UNUSED_FUNCTION = YES;
				GCC_WARN_UNUSED_VARIABLE = YES;
				IPHONEOS_DEPLOYMENT_TARGET = 14.4;
				MTL_ENABLE_DEBUG_INFO = INCLUDE_SOURCE;
				MTL_FAST_MATH = YES;
				ONLY_ACTIVE_ARCH = YES;
				SDKROOT = iphoneos;
			};
			name = Debug;
		};
		6721C6E726390DB600605715 /* Release */ = {
			isa = XCBuildConfiguration;
			buildSettings = {
				ALWAYS_SEARCH_USER_PATHS = NO;
				CLANG_ANALYZER_NONNULL = YES;
				CLANG_ANALYZER_NUMBER_OBJECT_CONVERSION = YES_AGGRESSIVE;
				CLANG_CXX_LANGUAGE_STANDARD = "gnu++14";
				CLANG_CXX_LIBRARY = "libc++";
				CLANG_ENABLE_MODULES = YES;
				CLANG_ENABLE_OBJC_ARC = YES;
				CLANG_ENABLE_OBJC_WEAK = YES;
				CLANG_WARN_BLOCK_CAPTURE_AUTORELEASING = YES;
				CLANG_WARN_BOOL_CONVERSION = YES;
				CLANG_WARN_COMMA = YES;
				CLANG_WARN_CONSTANT_CONVERSION = YES;
				CLANG_WARN_DEPRECATED_OBJC_IMPLEMENTATIONS = YES;
				CLANG_WARN_DIRECT_OBJC_ISA_USAGE = YES_ERROR;
				CLANG_WARN_DOCUMENTATION_COMMENTS = YES;
				CLANG_WARN_EMPTY_BODY = YES;
				CLANG_WARN_ENUM_CONVERSION = YES;
				CLANG_WARN_INFINITE_RECURSION = YES;
				CLANG_WARN_INT_CONVERSION = YES;
				CLANG_WARN_NON_LITERAL_NULL_CONVERSION = YES;
				CLANG_WARN_OBJC_IMPLICIT_RETAIN_SELF = YES;
				CLANG_WARN_OBJC_LITERAL_CONVERSION = YES;
				CLANG_WARN_OBJC_ROOT_CLASS = YES_ERROR;
				CLANG_WARN_QUOTED_INCLUDE_IN_FRAMEWORK_HEADER = YES;
				CLANG_WARN_RANGE_LOOP_ANALYSIS = YES;
				CLANG_WARN_STRICT_PROTOTYPES = YES;
				CLANG_WARN_SUSPICIOUS_MOVE = YES;
				CLANG_WARN_UNGUARDED_AVAILABILITY = YES_AGGRESSIVE;
				CLANG_WARN_UNREACHABLE_CODE = YES;
				CLANG_WARN__DUPLICATE_METHOD_MATCH = YES;
				COPY_PHASE_STRIP = NO;
				DEBUG_INFORMATION_FORMAT = "dwarf-with-dsym";
				ENABLE_NS_ASSERTIONS = NO;
				ENABLE_STRICT_OBJC_MSGSEND = YES;
				GCC_C_LANGUAGE_STANDARD = gnu11;
				GCC_NO_COMMON_BLOCKS = YES;
				GCC_WARN_64_TO_32_BIT_CONVERSION = YES;
				GCC_WARN_ABOUT_RETURN_TYPE = YES_ERROR;
				GCC_WARN_UNDECLARED_SELECTOR = YES;
				GCC_WARN_UNINITIALIZED_AUTOS = YES_AGGRESSIVE;
				GCC_WARN_UNUSED_FUNCTION = YES;
				GCC_WARN_UNUSED_VARIABLE = YES;
				IPHONEOS_DEPLOYMENT_TARGET = 14.4;
				MTL_ENABLE_DEBUG_INFO = NO;
				MTL_FAST_MATH = YES;
				SDKROOT = iphoneos;
				VALIDATE_PRODUCT = YES;
			};
			name = Release;
		};
		6721C6E926390DB600605715 /* Debug */ = {
			isa = XCBuildConfiguration;
			buildSettings = {
				ASSETCATALOG_COMPILER_APPICON_NAME = AppIcon;
				ASSETCATALOG_COMPILER_GLOBAL_ACCENT_COLOR_NAME = AccentColor;
				CLANG_ENABLE_MODULES = YES;
				CODE_SIGN_STYLE = Automatic;
				DEVELOPMENT_TEAM = ZA2PCCN27W;
				INFOPLIST_FILE = SplitSkewDemo/Info.plist;
				LD_RUNPATH_SEARCH_PATHS = (
					"$(inherited)",
					"@executable_path/Frameworks",
				);
				PRODUCT_BUNDLE_IDENTIFIER = MichaelLedger.SplitSkewDemo;
				PRODUCT_NAME = "$(TARGET_NAME)";
				SWIFT_OBJC_BRIDGING_HEADER = "../SplitSkewView/SplitSkewDemo-Bridging-Header.h";
				SWIFT_OPTIMIZATION_LEVEL = "-Onone";
				SWIFT_VERSION = 5.0;
				TARGETED_DEVICE_FAMILY = "1,2";
			};
			name = Debug;
		};
		6721C6EA26390DB600605715 /* Release */ = {
			isa = XCBuildConfiguration;
			buildSettings = {
				ASSETCATALOG_COMPILER_APPICON_NAME = AppIcon;
				ASSETCATALOG_COMPILER_GLOBAL_ACCENT_COLOR_NAME = AccentColor;
				CLANG_ENABLE_MODULES = YES;
				CODE_SIGN_STYLE = Automatic;
				DEVELOPMENT_TEAM = ZA2PCCN27W;
				INFOPLIST_FILE = SplitSkewDemo/Info.plist;
				LD_RUNPATH_SEARCH_PATHS = (
					"$(inherited)",
					"@executable_path/Frameworks",
				);
				PRODUCT_BUNDLE_IDENTIFIER = MichaelLedger.SplitSkewDemo;
				PRODUCT_NAME = "$(TARGET_NAME)";
				SWIFT_OBJC_BRIDGING_HEADER = "../SplitSkewView/SplitSkewDemo-Bridging-Header.h";
				SWIFT_VERSION = 5.0;
				TARGETED_DEVICE_FAMILY = "1,2";
			};
			name = Release;
		};
/* End XCBuildConfiguration section */

/* Begin XCConfigurationList section */
		6721C6CA26390DB500605715 /* Build configuration list for PBXProject "SplitSkewDemo" */ = {
			isa = XCConfigurationList;
			buildConfigurations = (
				6721C6E626390DB600605715 /* Debug */,
				6721C6E726390DB600605715 /* Release */,
			);
			defaultConfigurationIsVisible = 0;
			defaultConfigurationName = Release;
		};
		6721C6E826390DB600605715 /* Build configuration list for PBXNativeTarget "SplitSkewDemo" */ = {
			isa = XCConfigurationList;
			buildConfigurations = (
				6721C6E926390DB600605715 /* Debug */,
				6721C6EA26390DB600605715 /* Release */,
			);
			defaultConfigurationIsVisible = 0;
			defaultConfigurationName = Release;
		};
/* End XCConfigurationList section */
	};
	rootObject = 6721C6C726390DB500605715 /* Project object */;
}
